# THIS IS AN AUTOGENERATED FILE. DO NOT EDIT THIS FILE DIRECTLY.
# yarn lockfile v1


"@kurkle/color@^0.3.0", "@kurkle/color@^0.3.2":
  "integrity" "sha512-fuscdXJ9G1qb7W8VdHi+IwRqij3lBkosAm4ydQtEmbY58OzHXqQhvlxqEkoz0yssNVn38bcpRWgA9PP+OGoisw=="
  "resolved" "https://registry.npmjs.org/@kurkle/color/-/color-0.3.2.tgz"
  "version" "0.3.2"

"chart.js@^4.4.3":
  "integrity" "sha512-qK1gkGSRYcJzqrrzdR6a+I0vQ4/R+SoODXyAjscQ/4mzuNzySaMCd+hyVxitSY1+L2fjPD1Gbn+ibNqRmwQeLw=="
  "resolved" "https://registry.npmjs.org/chart.js/-/chart.js-4.4.3.tgz"
  "version" "4.4.3"
  dependencies:
    "@kurkle/color" "^0.3.0"

"moment@^2.30.1":
  "integrity" "sha512-uEmtNhbDOrWPFS+hdjFCBfy9f2YoyzRpwcl+DqpC6taX21FzsTLQVbMV/W7PzNSX6x/bhC1zA3c2UQ5NzH6how=="
  "resolved" "https://registry.npmjs.org/moment/-/moment-2.30.1.tgz"
  "version" "2.30.1"
